{
  "name": "redux",
  "version": "1.0.0",
  "lockfileVersion": 3,
  "requires": true,
  "packages": {
    "": {
      "name": "redux",
      "version": "1.0.0",
      "license": "ISC",
      "dependencies": {
        "imer": "^0.0.1",
        "redux": "^5.0.1"
      }
    },
    "node_modules/imer": {
      "version": "0.0.1",
      "resolved": "https://registry.npmjs.org/imer/-/imer-0.0.1.tgz",
      "integrity": "sha512-qJpLSjvJs1GJFasPPlVlV3tEF1BkemSWBmemiIm6HHBf+QFvSuF+LJSNThpbQ9GTmZ2sAU5PteklrL7PUTEIHg==",
      "license": "MIT"
    },
    "node_modules/redux": {
      "version": "5.0.1",
      "resolved": "https://registry.npmjs.org/redux/-/redux-5.0.1.tgz",
      "integrity": "sha512-M9/ELqF6fy8FwmkpnF0S3YKOqMyoWJ4+CS5Efg2ct3oY9daQvd/Pc71FpGZsVsbl3Cpb+IIcjBDUnnyBdQbq4w==",
      "license": "MIT"
    }
  }
}
